
Microsoft Visual Studio Solution File, Format Version 12.00
# Visual Studio Version 17
VisualStudioVersion = 17.6.33815.320
MinimumVisualStudioVersion = 10.0.40219.1
Project("{9A19103F-16F7-4668-BE54-9A1E7A4F7556}") = "AppB2C2", "AppB2C2.csproj", "{46FE22D5-F57D-47AA-8465-D0E9091A7E6D}"
EndProject
Global
	GlobalSection(SolutionConfigurationPlatforms) = preSolution
		Debug|Any CPU = Debug|Any CPU
		Release|Any CPU = Release|Any CPU
	EndGlobalSection
	GlobalSection(ProjectConfigurationPlatforms) = postSolution
		{46FE22D5-F57D-47AA-8465-D0E9091A7E6D}.Debug|Any CPU.ActiveCfg = Debug|Any CPU
		{46FE22D5-F57D-47AA-8465-D0E9091A7E6D}.Debug|Any CPU.Build.0 = Debug|Any CPU
		{46FE22D5-F57D-47AA-8465-D0E9091A7E6D}.Release|Any CPU.ActiveCfg = Release|Any CPU
		{46FE22D5-F57D-47AA-8465-D0E9091A7E6D}.Release|Any CPU.Build.0 = Release|Any CPU
	EndGlobalSection
	GlobalSection(SolutionProperties) = preSolution
		HideSolutionNode = FALSE
	EndGlobalSection
	GlobalSection(ExtensibilityGlobals) = postSolution
		SolutionGuid = {60AED421-B1BF-4772-905C-94D693729522}
	EndGlobalSection
EndGlobal
